
Microsoft Visual Studio Solution File, Format Version 12.00
Project("{FAE04EC0-301F-11D3-BF4B-00C04F79EFBC}") = "GrafanaLoki", "GrafanaLoki\GrafanaLoki.csproj", "{FD63E640-2E42-4B62-998C-5B2FC9EB4A7A}"
EndProject
Project("{2150E333-8FDC-42A3-9474-1A3956D46DE8}") = "Solution Items", "Solution Items", "{C0BD8D8E-34B7-452A-8750-0BB0763AD7E3}"
	ProjectSection(SolutionItems) = preProject
		docker-compose.yml = docker-compose.yml
	EndProjectSection
EndProject
Global
	GlobalSection(SolutionConfigurationPlatforms) = preSolution
		Debug|Any CPU = Debug|Any CPU
		Release|Any CPU = Release|Any CPU
	EndGlobalSection
	GlobalSection(ProjectConfigurationPlatforms) = postSolution
		{FD63E640-2E42-4B62-998C-5B2FC9EB4A7A}.Debug|Any CPU.ActiveCfg = Debug|Any CPU
		{FD63E640-2E42-4B62-998C-5B2FC9EB4A7A}.Debug|Any CPU.Build.0 = Debug|Any CPU
		{FD63E640-2E42-4B62-998C-5B2FC9EB4A7A}.Release|Any CPU.ActiveCfg = Release|Any CPU
		{FD63E640-2E42-4B62-998C-5B2FC9EB4A7A}.Release|Any CPU.Build.0 = Release|Any CPU
	EndGlobalSection
EndGlobal
